
Microsoft Visual Studio Solution File, Format Version 12.00
# Visual Studio Version 16
VisualStudioVersion = 16.0.31624.102
MinimumVisualStudioVersion = 10.0.40219.1
Project("{FAE04EC0-301F-11D3-BF4B-00C04F79EFBC}") = "ImageApp", "ImageApp\ImageApp.csproj", "{F5C1FC51-9DF4-4997-8FFA-8D0601F10B29}"
EndProject
Project("{FAE04EC0-301F-11D3-BF4B-00C04F79EFBC}") = "ImageApp.DataAccess", "ImageApp.DataAccess\ImageApp.DataAccess.csproj", "{8EE3C4BE-9978-49F1-9EAA-196BB3D0BF2B}"
EndProject
Project("{FAE04EC0-301F-11D3-BF4B-00C04F79EFBC}") = "ImageApp.Models", "ImageApp.Models\ImageApp.Models.csproj", "{80BEFB26-E1FB-4645-82DA-E849D1FEBF1A}"
EndProject
Global
	GlobalSection(SolutionConfigurationPlatforms) = preSolution
		Debug|Any CPU = Debug|Any CPU
		Release|Any CPU = Release|Any CPU
	EndGlobalSection
	GlobalSection(ProjectConfigurationPlatforms) = postSolution
		{F5C1FC51-9DF4-4997-8FFA-8D0601F10B29}.Debug|Any CPU.ActiveCfg = Debug|Any CPU
		{F5C1FC51-9DF4-4997-8FFA-8D0601F10B29}.Debug|Any CPU.Build.0 = Debug|Any CPU
		{F5C1FC51-9DF4-4997-8FFA-8D0601F10B29}.Release|Any CPU.ActiveCfg = Release|Any CPU
		{F5C1FC51-9DF4-4997-8FFA-8D0601F10B29}.Release|Any CPU.Build.0 = Release|Any CPU
		{8EE3C4BE-9978-49F1-9EAA-196BB3D0BF2B}.Debug|Any CPU.ActiveCfg = Debug|Any CPU
		{8EE3C4BE-9978-49F1-9EAA-196BB3D0BF2B}.Debug|Any CPU.Build.0 = Debug|Any CPU
		{8EE3C4BE-9978-49F1-9EAA-196BB3D0BF2B}.Release|Any CPU.ActiveCfg = Release|Any CPU
		{8EE3C4BE-9978-49F1-9EAA-196BB3D0BF2B}.Release|Any CPU.Build.0 = Release|Any CPU
		{80BEFB26-E1FB-4645-82DA-E849D1FEBF1A}.Debug|Any CPU.ActiveCfg = Debug|Any CPU
		{80BEFB26-E1FB-4645-82DA-E849D1FEBF1A}.Debug|Any CPU.Build.0 = Debug|Any CPU
		{80BEFB26-E1FB-4645-82DA-E849D1FEBF1A}.Release|Any CPU.ActiveCfg = Release|Any CPU
		{80BEFB26-E1FB-4645-82DA-E849D1FEBF1A}.Release|Any CPU.Build.0 = Release|Any CPU
	EndGlobalSection
	GlobalSection(SolutionProperties) = preSolution
		HideSolutionNode = FALSE
	EndGlobalSection
	GlobalSection(ExtensibilityGlobals) = postSolution
		SolutionGuid = {8FFCE937-F04B-454B-B42D-70496F84F809}
	EndGlobalSection
EndGlobal
